// !$*UTF8*$!
{
	archiveVersion = 1;
	classes = {
	};
	objectVersion = 46;
	objects = {

/* Begin PBXBuildFile section */
		7C20749D1C08274E00BF9145 /* AppDelegate.swift in Sources */ = {isa = PBXBuildFile; fileRef = 7C20749C1C08274E00BF9145 /* AppDelegate.swift */; };
		7C20749F1C08274E00BF9145 /* ViewController.swift in Sources */ = {isa = PBXBuildFile; fileRef = 7C20749E1C08274E00BF9145 /* ViewController.swift */; };
		7C2074A21C08274E00BF9145 /* Main.storyboard in Resources */ = {isa = PBXBuildFile; fileRef = 7C2074A01C08274E00BF9145 /* Main.storyboard */; };
		7C2074A51C08274E00BF9145 /* BrainDump.xcdatamodeld in Sources */ = {isa = PBXBuildFile; fileRef = 7C2074A31C08274E00BF9145 /* BrainDump.xcdatamodeld */; };
		7C2074A71C08274E00BF9145 /* Assets.xcassets in Resources */ = {isa = PBXBuildFile; fileRef = 7C2074A61C08274E00BF9145 /* Assets.xcassets */; };
		7C2074AA1C08274E00BF9145 /* LaunchScreen.storyboard in Resources */ = {isa = PBXBuildFile; fileRef = 7C2074A81C08274E00BF9145 /* LaunchScreen.storyboard */; };
		7C6814141C0AA28300070E2E /* Dump+CoreDataProperties.swift in Sources */ = {isa = PBXBuildFile; fileRef = 7C6814121C0AA28300070E2E /* Dump+CoreDataProperties.swift */; };
		7C6814151C0AA28300070E2E /* Dump.swift in Sources */ = {isa = PBXBuildFile; fileRef = 7C6814131C0AA28300070E2E /* Dump.swift */; };
		7C6814171C0AB59400070E2E /* CategoriesVC.swift in Sources */ = {isa = PBXBuildFile; fileRef = 7C6814161C0AB59400070E2E /* CategoriesVC.swift */; };
		7CB22EB91C0D6BCD000CECAC /* DumpCell.swift in Sources */ = {isa = PBXBuildFile; fileRef = 7CB22EB81C0D6BCD000CECAC /* DumpCell.swift */; };
/* End PBXBuildFile section */

/* Begin PBXFileReference section */
		7C2074991C08274E00BF9145 /* BrainDump.app */ = {isa = PBXFileReference; explicitFileType = wrapper.application; includeInIndex = 0; path = BrainDump.app; sourceTree = BUILT_PRODUCTS_DIR; };
		7C20749C1C08274E00BF9145 /* AppDelegate.swift */ = {isa = PBXFileReference; lastKnownFileType = sourcecode.swift; path = AppDelegate.swift; sourceTree = "<group>"; };
		7C20749E1C08274E00BF9145 /* ViewController.swift */ = {isa = PBXFileReference; lastKnownFileType = sourcecode.swift; path = ViewController.swift; sourceTree = "<group>"; };
		7C2074A11C08274E00BF9145 /* Base */ = {isa = PBXFileReference; lastKnownFileType = file.storyboard; name = Base; path = Base.lproj/Main.storyboard; sourceTree = "<group>"; };
		7C2074A41C08274E00BF9145 /* BrainDump.xcdatamodel */ = {isa = PBXFileReference; lastKnownFileType = wrapper.xcdatamodel; path = BrainDump.xcdatamodel; sourceTree = "<group>"; };
		7C2074A61C08274E00BF9145 /* Assets.xcassets */ = {isa = PBXFileReference; lastKnownFileType = folder.assetcatalog; path = Assets.xcassets; sourceTree = "<group>"; };
		7C2074A91C08274E00BF9145 /* Base */ = {isa = PBXFileReference; lastKnownFileType = file.storyboard; name = Base; path = Base.lproj/LaunchScreen.storyboard; sourceTree = "<group>"; };
		7C2074AB1C08274E00BF9145 /* Info.plist */ = {isa = PBXFileReference; lastKnownFileType = text.plist.xml; path = Info.plist; sourceTree = "<group>"; };
		7C6814121C0AA28300070E2E /* Dump+CoreDataProperties.swift */ = {isa = PBXFileReference; fileEncoding = 4; lastKnownFileType = sourcecode.swift; name = "Dump+CoreDataProperties.swift"; path = "../Dump+CoreDataProperties.swift"; sourceTree = "<group>"; };
		7C6814131C0AA28300070E2E /* Dump.swift */ = {isa = PBXFileReference; fileEncoding = 4; lastKnownFileType = sourcecode.swift; name = Dump.swift; path = ../Dump.swift; sourceTree = "<group>"; };
		7C6814161C0AB59400070E2E /* CategoriesVC.swift */ = {isa = PBXFileReference; fileEncoding = 4; lastKnownFileType = sourcecode.swift; path = CategoriesVC.swift; sourceTree = "<group>"; };
		7CB22EB81C0D6BCD000CECAC /* DumpCell.swift */ = {isa = PBXFileReference; fileEncoding = 4; lastKnownFileType = sourcecode.swift; path = DumpCell.swift; sourceTree = "<group>"; };
/* End PBXFileReference section */

/* Begin PBXFrameworksBuildPhase section */
		7C2074961C08274E00BF9145 /* Frameworks */ = {
			isa = PBXFrameworksBuildPhase;
			buildActionMask = 2147483647;
			files = (
			);
			runOnlyForDeploymentPostprocessing = 0;
		};
/* End PBXFrameworksBuildPhase section */

/* Begin PBXGroup section */
		7C2074901C08274E00BF9145 = {
			isa = PBXGroup;
			children = (
				7C20749B1C08274E00BF9145 /* BrainDump */,
				7C20749A1C08274E00BF9145 /* Products */,
			);
			sourceTree = "<group>";
		};
		7C20749A1C08274E00BF9145 /* Products */ = {
			isa = PBXGroup;
			children = (
				7C2074991C08274E00BF9145 /* BrainDump.app */,
			);
			name = Products;
			sourceTree = "<group>";
		};
		7C20749B1C08274E00BF9145 /* BrainDump */ = {
			isa = PBXGroup;
			children = (
				7C6814111C0AA1BD00070E2E /* Model */,
				7C6814101C0AA1B600070E2E /* View */,
				7C68140F1C0AA1AD00070E2E /* Controller */,
				7C20749C1C08274E00BF9145 /* AppDelegate.swift */,
				7C2074A61C08274E00BF9145 /* Assets.xcassets */,
				7C2074AB1C08274E00BF9145 /* Info.plist */,
			);
			path = BrainDump;
			sourceTree = "<group>";
		};
		7C68140F1C0AA1AD00070E2E /* Controller */ = {
			isa = PBXGroup;
			children = (
				7C20749E1C08274E00BF9145 /* ViewController.swift */,
				7C6814161C0AB59400070E2E /* CategoriesVC.swift */,
			);
			name = Controller;
			sourceTree = "<group>";
		};
		7C6814101C0AA1B600070E2E /* View */ = {
			isa = PBXGroup;
			children = (
				7C2074A01C08274E00BF9145 /* Main.storyboard */,
				7C2074A81C08274E00BF9145 /* LaunchScreen.storyboard */,
				7CB22EB81C0D6BCD000CECAC /* DumpCell.swift */,
			);
			name = View;
			sourceTree = "<group>";
		};
		7C6814111C0AA1BD00070E2E /* Model */ = {
			isa = PBXGroup;
			children = (
				7C2074A31C08274E00BF9145 /* BrainDump.xcdatamodeld */,
				7C6814121C0AA28300070E2E /* Dump+CoreDataProperties.swift */,
				7C6814131C0AA28300070E2E /* Dump.swift */,
			);
			name = Model;
			sourceTree = "<group>";
		};
/* End PBXGroup section */

/* Begin PBXNativeTarget section */
		7C2074981C08274E00BF9145 /* BrainDump */ = {
			isa = PBXNativeTarget;
			buildConfigurationList = 7C2074AE1C08274E00BF9145 /* Build configuration list for PBXNativeTarget "BrainDump" */;
			buildPhases = (
				7C2074951C08274E00BF9145 /* Sources */,
				7C2074961C08274E00BF9145 /* Frameworks */,
				7C2074971C08274E00BF9145 /* Resources */,
			);
			buildRules = (
			);
			dependencies = (
			);
			name = BrainDump;
			productName = BrainDump;
			productReference = 7C2074991C08274E00BF9145 /* BrainDump.app */;
			productType = "com.apple.product-type.application";
		};
/* End PBXNativeTarget section */

/* Begin PBXProject section */
		7C2074911C08274E00BF9145 /* Project object */ = {
			isa = PBXProject;
			attributes = {
				LastSwiftUpdateCheck = 0710;
				LastUpgradeCheck = 0710;
				ORGANIZATIONNAME = "Kyle Lee";
				TargetAttributes = {
					7C2074981C08274E00BF9145 = {
						CreatedOnToolsVersion = 7.1.1;
					};
				};
			};
			buildConfigurationList = 7C2074941C08274E00BF9145 /* Build configuration list for PBXProject "BrainDump" */;
			compatibilityVersion = "Xcode 3.2";
			developmentRegion = English;
			hasScannedForEncodings = 0;
			knownRegions = (
				en,
				Base,
			);
			mainGroup = 7C2074901C08274E00BF9145;
			productRefGroup = 7C20749A1C08274E00BF9145 /* Products */;
			projectDirPath = "";
			projectRoot = "";
			targets = (
				7C2074981C08274E00BF9145 /* BrainDump */,
			);
		};
/* End PBXProject section */

/* Begin PBXResourcesBuildPhase section */
		7C2074971C08274E00BF9145 /* Resources */ = {
			isa = PBXResourcesBuildPhase;
			buildActionMask = 2147483647;
			files = (
				7C2074AA1C08274E00BF9145 /* LaunchScreen.storyboard in Resources */,
				7C2074A71C08274E00BF9145 /* Assets.xcassets in Resources */,
				7C2074A21C08274E00BF9145 /* Main.storyboard in Resources */,
			);
			runOnlyForDeploymentPostprocessing = 0;
		};
/* End PBXResourcesBuildPhase section */

/* Begin PBXSourcesBuildPhase section */
		7C2074951C08274E00BF9145 /* Sources */ = {
			isa = PBXSourcesBuildPhase;
			buildActionMask = 2147483647;
			files = (
				7CB22EB91C0D6BCD000CECAC /* DumpCell.swift in Sources */,
				7C6814171C0AB59400070E2E /* CategoriesVC.swift in Sources */,
				7C6814151C0AA28300070E2E /* Dump.swift in Sources */,
				7C2074A51C08274E00BF9145 /* BrainDump.xcdatamodeld in Sources */,
				7C6814141C0AA28300070E2E /* Dump+CoreDataProperties.swift in Sources */,
				7C20749F1C08274E00BF9145 /* ViewController.swift in Sources */,
				7C20749D1C08274E00BF9145 /* AppDelegate.swift in Sources */,
			);
			runOnlyForDeploymentPostprocessing = 0;
		};
/* End PBXSourcesBuildPhase section */

/* Begin PBXVariantGroup section */
		7C2074A01C08274E00BF9145 /* Main.storyboard */ = {
			isa = PBXVariantGroup;
			children = (
				7C2074A11C08274E00BF9145 /* Base */,
			);
			name = Main.storyboard;
			sourceTree = "<group>";
		};
		7C2074A81C08274E00BF9145 /* LaunchScreen.storyboard */ = {
			isa = PBXVariantGroup;
			children = (
				7C2074A91C08274E00BF9145 /* Base */,
			);
			name = LaunchScreen.storyboard;
			sourceTree = "<group>";
		};
/* End PBXVariantGroup section */

/* Begin XCBuildConfiguration section */
		7C2074AC1C08274E00BF9145 /* Debug */ = {
			isa = XCBuildConfiguration;
			buildSettings = {
				ALWAYS_SEARCH_USER_PATHS = NO;
				CLANG_CXX_LANGUAGE_STANDARD = "gnu++0x";
				CLANG_CXX_LIBRARY = "libc++";
				CLANG_ENABLE_MODULES = YES;
				CLANG_ENABLE_OBJC_ARC = YES;
				CLANG_WARN_BOOL_CONVERSION = YES;
				CLANG_WARN_CONSTANT_CONVERSION = YES;
				CLANG_WARN_DIRECT_OBJC_ISA_USAGE = YES_ERROR;
				CLANG_WARN_EMPTY_BODY = YES;
				CLANG_WARN_ENUM_CONVERSION = YES;
				CLANG_WARN_INT_CONVERSION = YES;
				CLANG_WARN_OBJC_ROOT_CLASS = YES_ERROR;
				CLANG_WARN_UNREACHABLE_CODE = YES;
				CLANG_WARN__DUPLICATE_METHOD_MATCH = YES;
				"CODE_SIGN_IDENTITY[sdk=iphoneos*]" = "iPhone Developer";
				COPY_PHASE_STRIP = NO;
				DEBUG_INFORMATION_FORMAT = dwarf;
				ENABLE_STRICT_OBJC_MSGSEND = YES;
				ENABLE_TESTABILITY = YES;
				GCC_C_LANGUAGE_STANDARD = gnu99;
				GCC_DYNAMIC_NO_PIC = NO;
				GCC_NO_COMMON_BLOCKS = YES;
				GCC_OPTIMIZATION_LEVEL = 0;
				GCC_PREPROCESSOR_DEFINITIONS = (
					"DEBUG=1",
					"$(inherited)",
				);
				GCC_WARN_64_TO_32_BIT_CONVERSION = YES;
				GCC_WARN_ABOUT_RETURN_TYPE = YES_ERROR;
				GCC_WARN_UNDECLARED_SELECTOR = YES;
				GCC_WARN_UNINITIALIZED_AUTOS = YES_AGGRESSIVE;
				GCC_WARN_UNUSED_FUNCTION = YES;
				GCC_WARN_UNUSED_VARIABLE = YES;
				IPHONEOS_DEPLOYMENT_TARGET = 9.1;
				MTL_ENABLE_DEBUG_INFO = YES;
				ONLY_ACTIVE_ARCH = YES;
				SDKROOT = iphoneos;
				SWIFT_OPTIMIZATION_LEVEL = "-Onone";
				TARGETED_DEVICE_FAMILY = "1,2";
			};
			name = Debug;
		};
		7C2074AD1C08274E00BF9145 /* Release */ = {
			isa = XCBuildConfiguration;
			buildSettings = {
				ALWAYS_SEARCH_USER_PATHS = NO;
				CLANG_CXX_LANGUAGE_STANDARD = "gnu++0x";
				CLANG_CXX_LIBRARY = "libc++";
				CLANG_ENABLE_MODULES = YES;
				CLANG_ENABLE_OBJC_ARC = YES;
				CLANG_WARN_BOOL_CONVERSION = YES;
				CLANG_WARN_CONSTANT_CONVERSION = YES;
				CLANG_WARN_DIRECT_OBJC_ISA_USAGE = YES_ERROR;
				CLANG_WARN_EMPTY_BODY = YES;
				CLANG_WARN_ENUM_CONVERSION = YES;
				CLANG_WARN_INT_CONVERSION = YES;
				CLANG_WARN_OBJC_ROOT_CLASS = YES_ERROR;
				CLANG_WARN_UNREACHABLE_CODE = YES;
				CLANG_WARN__DUPLICATE_METHOD_MATCH = YES;
				"CODE_SIGN_IDENTITY[sdk=iphoneos*]" = "iPhone Developer";
				COPY_PHASE_STRIP = NO;
				DEBUG_INFORMATION_FORMAT = "dwarf-with-dsym";
				ENABLE_NS_ASSERTIONS = NO;
				ENABLE_STRICT_OBJC_MSGSEND = YES;
				GCC_C_LANGUAGE_STANDARD = gnu99;
				GCC_NO_COMMON_BLOCKS = YES;
				GCC_WARN_64_TO_32_BIT_CONVERSION = YES;
				GCC_WARN_ABOUT_RETURN_TYPE = YES_ERROR;
				GCC_WARN_UNDECLARED_SELECTOR = YES;
				GCC_WARN_UNINITIALIZED_AUTOS = YES_AGGRESSIVE;
				GCC_WARN_UNUSED_FUNCTION = YES;
				GCC_WARN_UNUSED_VARIABLE = YES;
				IPHONEOS_DEPLOYMENT_TARGET = 9.1;
				MTL_ENABLE_DEBUG_INFO = NO;
				SDKROOT = iphoneos;
				TARGETED_DEVICE_FAMILY = "1,2";
				VALIDATE_PRODUCT = YES;
			};
			name = Release;
		};
		7C2074AF1C08274E00BF9145 /* Debug */ = {
			isa = XCBuildConfiguration;
			buildSettings = {
				ASSETCATALOG_COMPILER_APPICON_NAME = AppIcon;
				INFOPLIST_FILE = BrainDump/Info.plist;
				LD_RUNPATH_SEARCH_PATHS = "$(inherited) @executable_path/Frameworks";
				PRODUCT_BUNDLE_IDENTIFIER = com.kiloloco.BrainDump;
				PRODUCT_NAME = "$(TARGET_NAME)";
			};
			name = Debug;
		};
		7C2074B01C08274E00BF9145 /* Release */ = {
			isa = XCBuildConfiguration;
			buildSettings = {
				ASSETCATALOG_COMPILER_APPICON_NAME = AppIcon;
				INFOPLIST_FILE = BrainDump/Info.plist;
				LD_RUNPATH_SEARCH_PATHS = "$(inherited) @executable_path/Frameworks";
				PRODUCT_BUNDLE_IDENTIFIER = com.kiloloco.BrainDump;
				PRODUCT_NAME = "$(TARGET_NAME)";
			};
			name = Release;
		};
/* End XCBuildConfiguration section */

/* Begin XCConfigurationList section */
		7C2074941C08274E00BF9145 /* Build configuration list for PBXProject "BrainDump" */ = {
			isa = XCConfigurationList;
			buildConfigurations = (
				7C2074AC1C08274E00BF9145 /* Debug */,
				7C2074AD1C08274E00BF9145 /* Release */,
			);
			defaultConfigurationIsVisible = 0;
			defaultConfigurationName = Release;
		};
		7C2074AE1C08274E00BF9145 /* Build configuration list for PBXNativeTarget "BrainDump" */ = {
			isa = XCConfigurationList;
			buildConfigurations = (
				7C2074AF1C08274E00BF9145 /* Debug */,
				7C2074B01C08274E00BF9145 /* Release */,
			);
			defaultConfigurationIsVisible = 0;
			defaultConfigurationName = Release;
		};
/* End XCConfigurationList section */

/* Begin XCVersionGroup section */
		7C2074A31C08274E00BF9145 /* BrainDump.xcdatamodeld */ = {
			isa = XCVersionGroup;
			children = (
				7C2074A41C08274E00BF9145 /* BrainDump.xcdatamodel */,
			);
			currentVersion = 7C2074A41C08274E00BF9145 /* BrainDump.xcdatamodel */;
			path = BrainDump.xcdatamodeld;
			sourceTree = "<group>";
			versionGroupType = wrapper.xcdatamodel;
		};
/* End XCVersionGroup section */
	};
	rootObject = 7C2074911C08274E00BF9145 /* Project object */;
}
